
Microsoft Visual Studio Solution File, Format Version 12.00
# Visual Studio Version 17
VisualStudioVersion = 17.4.33213.308
MinimumVisualStudioVersion = 10.0.40219.1
Project("{FAE04EC0-301F-11D3-BF4B-00C04F79EFBC}") = "Práctica 1", "Práctica 1.csproj", "{EADBA552-CC99-403C-BF35-14DE28196F1B}"
EndProject
Global
	GlobalSection(SolutionConfigurationPlatforms) = preSolution
		Debug|Any CPU = Debug|Any CPU
		Release|Any CPU = Release|Any CPU
	EndGlobalSection
	GlobalSection(ProjectConfigurationPlatforms) = postSolution
		{EADBA552-CC99-403C-BF35-14DE28196F1B}.Debug|Any CPU.ActiveCfg = Debug|Any CPU
		{EADBA552-CC99-403C-BF35-14DE28196F1B}.Debug|Any CPU.Build.0 = Debug|Any CPU
		{EADBA552-CC99-403C-BF35-14DE28196F1B}.Release|Any CPU.ActiveCfg = Release|Any CPU
		{EADBA552-CC99-403C-BF35-14DE28196F1B}.Release|Any CPU.Build.0 = Release|Any CPU
	EndGlobalSection
	GlobalSection(SolutionProperties) = preSolution
		HideSolutionNode = FALSE
	EndGlobalSection
	GlobalSection(ExtensibilityGlobals) = postSolution
		SolutionGuid = {2F47A7EF-F813-44D6-9880-C42EC6591131}
	EndGlobalSection
EndGlobal
